<?xml version="1.0" encoding="utf-8"?>
<Project ToolsVersion="4.0" xmlns="http://schemas.microsoft.com/developer/msbuild/2003">
  <ItemGroup Label="win32_sources">
    <ClCompile Include="$(MonoSourceLocation)\mono\metadata\unity-liveness.c">
      <Filter>Source Files$(MonoRuntimeFilterSubFolder)\unity</Filter>
    </ClCompile>
    <ClCompile Include="$(MonoSourceLocation)\mono\metadata\unity-memory-info.c">
      <Filter>Source Files$(MonoRuntimeFilterSubFolder)\unity</Filter>
    </ClCompile>
    <ClInclude Include="$(MonoSourceLocation)\mono\metadata\unity-memory-info.h">
      <Filter>Header Files$(MonoRuntimeFilterSubFolder)\unity</Filter>
    </ClInclude>
    <ClCompile Include="$(MonoSourceLocation)\mono\metadata\unity-utils.c">
      <Filter>Source Files$(MonoRuntimeFilterSubFolder)\unity</Filter>
    </ClCompile>
    <ClInclude Include="$(MonoSourceLocation)\mono\metadata\unity-utils.h">
      <Filter>Header Files$(MonoRuntimeFilterSubFolder)\unity</Filter>
    </ClInclude>
  </ItemGroup>
  <ItemGroup>
    <Filter Include="Header Files$(MonoRuntimeFilterSubFolder)\unity">
      <UniqueIdentifier>{C6938EF2-A57F-4941-90EB-FCD7CF1E035D}</UniqueIdentifier>
    </Filter>
    <Filter Include="Source Files$(MonoRuntimeFilterSubFolder)\unity">
      <UniqueIdentifier>{56DCE5E4-A83E-487B-BFED-577E1F784C14}</UniqueIdentifier>
    </Filter>
  </ItemGroup>
</Project>
